
Microsoft Visual Studio Solution File, Format Version 12.00
# Visual Studio Version 16
VisualStudioVersion = 16.0.31613.86
MinimumVisualStudioVersion = 10.0.40219.1
Project("{FAE04EC0-301F-11D3-BF4B-00C04F79EFBC}") = "WebApplication2", "WebApplication2\WebApplication2.csproj", "{8932A491-2619-4E2D-A4C7-98367910D656}"
EndProject
Project("{FAE04EC0-301F-11D3-BF4B-00C04F79EFBC}") = "WebTinTuc", "WebTinTuc\WebTinTuc.csproj", "{5BD3DC25-A49B-4E92-9B22-F949336D5145}"
EndProject
Project("{FAE04EC0-301F-11D3-BF4B-00C04F79EFBC}") = "Lab02_ThucHanh", "Lab02_ThucHanh\Lab02_ThucHanh.csproj", "{38C59EAB-2AA4-4DD7-ABD3-EE5285955EBB}"
EndProject
Global
	GlobalSection(SolutionConfigurationPlatforms) = preSolution
		Debug|Any CPU = Debug|Any CPU
		Release|Any CPU = Release|Any CPU
	EndGlobalSection
	GlobalSection(ProjectConfigurationPlatforms) = postSolution
		{8932A491-2619-4E2D-A4C7-98367910D656}.Debug|Any CPU.ActiveCfg = Debug|Any CPU
		{8932A491-2619-4E2D-A4C7-98367910D656}.Debug|Any CPU.Build.0 = Debug|Any CPU
		{8932A491-2619-4E2D-A4C7-98367910D656}.Release|Any CPU.ActiveCfg = Release|Any CPU
		{8932A491-2619-4E2D-A4C7-98367910D656}.Release|Any CPU.Build.0 = Release|Any CPU
		{5BD3DC25-A49B-4E92-9B22-F949336D5145}.Debug|Any CPU.ActiveCfg = Debug|Any CPU
		{5BD3DC25-A49B-4E92-9B22-F949336D5145}.Debug|Any CPU.Build.0 = Debug|Any CPU
		{5BD3DC25-A49B-4E92-9B22-F949336D5145}.Release|Any CPU.ActiveCfg = Release|Any CPU
		{5BD3DC25-A49B-4E92-9B22-F949336D5145}.Release|Any CPU.Build.0 = Release|Any CPU
		{38C59EAB-2AA4-4DD7-ABD3-EE5285955EBB}.Debug|Any CPU.ActiveCfg = Debug|Any CPU
		{38C59EAB-2AA4-4DD7-ABD3-EE5285955EBB}.Debug|Any CPU.Build.0 = Debug|Any CPU
		{38C59EAB-2AA4-4DD7-ABD3-EE5285955EBB}.Release|Any CPU.ActiveCfg = Release|Any CPU
		{38C59EAB-2AA4-4DD7-ABD3-EE5285955EBB}.Release|Any CPU.Build.0 = Release|Any CPU
	EndGlobalSection
	GlobalSection(SolutionProperties) = preSolution
		HideSolutionNode = FALSE
	EndGlobalSection
	GlobalSection(ExtensibilityGlobals) = postSolution
		SolutionGuid = {0F18ECA1-1A21-4417-9392-51046C5384D4}
	EndGlobalSection
EndGlobal
